
Microsoft Visual Studio Solution File, Format Version 12.00
# Visual Studio Version 17
VisualStudioVersion = 17.14.36327.8
MinimumVisualStudioVersion = 10.0.40219.1
Project("{2150E333-8FDC-42A3-9474-1A3956D46DE8}") = "src", "src", "{827E0CD3-B72D-47B6-A68D-7590B98EB39B}"
EndProject
Project("{FAE04EC0-301F-11D3-BF4B-00C04F79EFBC}") = "FinanceTracker.Web", "src\FinanceTracker.Web\FinanceTracker.Web.csproj", "{696AB5D8-6456-4659-A545-AAFE165FF22B}"
EndProject
Project("{FAE04EC0-301F-11D3-BF4B-00C04F79EFBC}") = "FinanceTracker.ApiService", "src\FinanceTracker.ApiService\FinanceTracker.ApiService.csproj", "{45939833-941C-4E0D-B400-8A87A1CF8E8E}"
EndProject
Project("{FAE04EC0-301F-11D3-BF4B-00C04F79EFBC}") = "FinanceTracker.AppHost", "src\FinanceTracker.AppHost\FinanceTracker.AppHost.csproj", "{90690D41-705E-4CE6-B5A1-D98330EEB7FA}"
EndProject
Project("{FAE04EC0-301F-11D3-BF4B-00C04F79EFBC}") = "FinanceTracker.ServiceDefaults", "src\FinanceTracker.ServiceDefaults\FinanceTracker.ServiceDefaults.csproj", "{D061345D-948C-45FB-ADC0-04A195F00423}"
EndProject
Project("{2150E333-8FDC-42A3-9474-1A3956D46DE8}") = "tests", "tests", "{0AB3BF05-4346-4AA6-1389-037BE0695223}"
EndProject
Project("{FAE04EC0-301F-11D3-BF4B-00C04F79EFBC}") = "FinanceTracker.KernelTest", "tests\FinanceTracker.KernelTest\FinanceTracker.KernelTest.csproj", "{53E33547-D3A4-48D3-83C9-CAA8A616B84D}"
EndProject
Project("{FAE04EC0-301F-11D3-BF4B-00C04F79EFBC}") = "FinanceTracker.DatabaseReader", "tests\FinanceTracker.DatabaseReader\FinanceTracker.DatabaseReader.csproj", "{A2EE7A8D-3B92-473B-A446-151251C6B544}"
EndProject
Global
	GlobalSection(SolutionConfigurationPlatforms) = preSolution
		Debug|Any CPU = Debug|Any CPU
		Debug|x64 = Debug|x64
		Debug|x86 = Debug|x86
		Release|Any CPU = Release|Any CPU
		Release|x64 = Release|x64
		Release|x86 = Release|x86
	EndGlobalSection
	GlobalSection(ProjectConfigurationPlatforms) = postSolution
		{696AB5D8-6456-4659-A545-AAFE165FF22B}.Debug|Any CPU.ActiveCfg = Debug|Any CPU
		{696AB5D8-6456-4659-A545-AAFE165FF22B}.Debug|Any CPU.Build.0 = Debug|Any CPU
		{696AB5D8-6456-4659-A545-AAFE165FF22B}.Debug|x64.ActiveCfg = Debug|Any CPU
		{696AB5D8-6456-4659-A545-AAFE165FF22B}.Debug|x64.Build.0 = Debug|Any CPU
		{696AB5D8-6456-4659-A545-AAFE165FF22B}.Debug|x86.ActiveCfg = Debug|Any CPU
		{696AB5D8-6456-4659-A545-AAFE165FF22B}.Debug|x86.Build.0 = Debug|Any CPU
		{696AB5D8-6456-4659-A545-AAFE165FF22B}.Release|Any CPU.ActiveCfg = Release|Any CPU
		{696AB5D8-6456-4659-A545-AAFE165FF22B}.Release|Any CPU.Build.0 = Release|Any CPU
		{696AB5D8-6456-4659-A545-AAFE165FF22B}.Release|x64.ActiveCfg = Release|Any CPU
		{696AB5D8-6456-4659-A545-AAFE165FF22B}.Release|x64.Build.0 = Release|Any CPU
		{696AB5D8-6456-4659-A545-AAFE165FF22B}.Release|x86.ActiveCfg = Release|Any CPU
		{696AB5D8-6456-4659-A545-AAFE165FF22B}.Release|x86.Build.0 = Release|Any CPU
		{45939833-941C-4E0D-B400-8A87A1CF8E8E}.Debug|Any CPU.ActiveCfg = Debug|Any CPU
		{45939833-941C-4E0D-B400-8A87A1CF8E8E}.Debug|Any CPU.Build.0 = Debug|Any CPU
		{45939833-941C-4E0D-B400-8A87A1CF8E8E}.Debug|x64.ActiveCfg = Debug|Any CPU
		{45939833-941C-4E0D-B400-8A87A1CF8E8E}.Debug|x64.Build.0 = Debug|Any CPU
		{45939833-941C-4E0D-B400-8A87A1CF8E8E}.Debug|x86.ActiveCfg = Debug|Any CPU
		{45939833-941C-4E0D-B400-8A87A1CF8E8E}.Debug|x86.Build.0 = Debug|Any CPU
		{45939833-941C-4E0D-B400-8A87A1CF8E8E}.Release|Any CPU.ActiveCfg = Release|Any CPU
		{45939833-941C-4E0D-B400-8A87A1CF8E8E}.Release|Any CPU.Build.0 = Release|Any CPU
		{45939833-941C-4E0D-B400-8A87A1CF8E8E}.Release|x64.ActiveCfg = Release|Any CPU
		{45939833-941C-4E0D-B400-8A87A1CF8E8E}.Release|x64.Build.0 = Release|Any CPU
		{45939833-941C-4E0D-B400-8A87A1CF8E8E}.Release|x86.ActiveCfg = Release|Any CPU
		{45939833-941C-4E0D-B400-8A87A1CF8E8E}.Release|x86.Build.0 = Release|Any CPU
		{90690D41-705E-4CE6-B5A1-D98330EEB7FA}.Debug|Any CPU.ActiveCfg = Debug|Any CPU
		{90690D41-705E-4CE6-B5A1-D98330EEB7FA}.Debug|Any CPU.Build.0 = Debug|Any CPU
		{90690D41-705E-4CE6-B5A1-D98330EEB7FA}.Debug|x64.ActiveCfg = Debug|Any CPU
		{90690D41-705E-4CE6-B5A1-D98330EEB7FA}.Debug|x64.Build.0 = Debug|Any CPU
		{90690D41-705E-4CE6-B5A1-D98330EEB7FA}.Debug|x86.ActiveCfg = Debug|Any CPU
		{90690D41-705E-4CE6-B5A1-D98330EEB7FA}.Debug|x86.Build.0 = Debug|Any CPU
		{90690D41-705E-4CE6-B5A1-D98330EEB7FA}.Release|Any CPU.ActiveCfg = Release|Any CPU
		{90690D41-705E-4CE6-B5A1-D98330EEB7FA}.Release|Any CPU.Build.0 = Release|Any CPU
		{90690D41-705E-4CE6-B5A1-D98330EEB7FA}.Release|x64.ActiveCfg = Release|Any CPU
		{90690D41-705E-4CE6-B5A1-D98330EEB7FA}.Release|x64.Build.0 = Release|Any CPU
		{90690D41-705E-4CE6-B5A1-D98330EEB7FA}.Release|x86.ActiveCfg = Release|Any CPU
		{90690D41-705E-4CE6-B5A1-D98330EEB7FA}.Release|x86.Build.0 = Release|Any CPU
		{D061345D-948C-45FB-ADC0-04A195F00423}.Debug|Any CPU.ActiveCfg = Debug|Any CPU
		{D061345D-948C-45FB-ADC0-04A195F00423}.Debug|Any CPU.Build.0 = Debug|Any CPU
		{D061345D-948C-45FB-ADC0-04A195F00423}.Debug|x64.ActiveCfg = Debug|Any CPU
		{D061345D-948C-45FB-ADC0-04A195F00423}.Debug|x64.Build.0 = Debug|Any CPU
		{D061345D-948C-45FB-ADC0-04A195F00423}.Debug|x86.ActiveCfg = Debug|Any CPU
		{D061345D-948C-45FB-ADC0-04A195F00423}.Debug|x86.Build.0 = Debug|Any CPU
		{D061345D-948C-45FB-ADC0-04A195F00423}.Release|Any CPU.ActiveCfg = Release|Any CPU
		{D061345D-948C-45FB-ADC0-04A195F00423}.Release|Any CPU.Build.0 = Release|Any CPU
		{D061345D-948C-45FB-ADC0-04A195F00423}.Release|x64.ActiveCfg = Release|Any CPU
		{D061345D-948C-45FB-ADC0-04A195F00423}.Release|x64.Build.0 = Release|Any CPU
		{D061345D-948C-45FB-ADC0-04A195F00423}.Release|x86.ActiveCfg = Release|Any CPU
		{D061345D-948C-45FB-ADC0-04A195F00423}.Release|x86.Build.0 = Release|Any CPU
		{53E33547-D3A4-48D3-83C9-CAA8A616B84D}.Debug|Any CPU.ActiveCfg = Debug|Any CPU
		{53E33547-D3A4-48D3-83C9-CAA8A616B84D}.Debug|Any CPU.Build.0 = Debug|Any CPU
		{53E33547-D3A4-48D3-83C9-CAA8A616B84D}.Debug|x64.ActiveCfg = Debug|Any CPU
		{53E33547-D3A4-48D3-83C9-CAA8A616B84D}.Debug|x64.Build.0 = Debug|Any CPU
		{53E33547-D3A4-48D3-83C9-CAA8A616B84D}.Debug|x86.ActiveCfg = Debug|Any CPU
		{53E33547-D3A4-48D3-83C9-CAA8A616B84D}.Debug|x86.Build.0 = Debug|Any CPU
		{53E33547-D3A4-48D3-83C9-CAA8A616B84D}.Release|Any CPU.ActiveCfg = Release|Any CPU
		{53E33547-D3A4-48D3-83C9-CAA8A616B84D}.Release|Any CPU.Build.0 = Release|Any CPU
		{53E33547-D3A4-48D3-83C9-CAA8A616B84D}.Release|x64.ActiveCfg = Release|Any CPU
		{53E33547-D3A4-48D3-83C9-CAA8A616B84D}.Release|x64.Build.0 = Release|Any CPU
		{53E33547-D3A4-48D3-83C9-CAA8A616B84D}.Release|x86.ActiveCfg = Release|Any CPU
		{53E33547-D3A4-48D3-83C9-CAA8A616B84D}.Release|x86.Build.0 = Release|Any CPU
		{A2EE7A8D-3B92-473B-A446-151251C6B544}.Debug|Any CPU.ActiveCfg = Debug|Any CPU
		{A2EE7A8D-3B92-473B-A446-151251C6B544}.Debug|Any CPU.Build.0 = Debug|Any CPU
		{A2EE7A8D-3B92-473B-A446-151251C6B544}.Debug|x64.ActiveCfg = Debug|Any CPU
		{A2EE7A8D-3B92-473B-A446-151251C6B544}.Debug|x64.Build.0 = Debug|Any CPU
		{A2EE7A8D-3B92-473B-A446-151251C6B544}.Debug|x86.ActiveCfg = Debug|Any CPU
		{A2EE7A8D-3B92-473B-A446-151251C6B544}.Debug|x86.Build.0 = Debug|Any CPU
		{A2EE7A8D-3B92-473B-A446-151251C6B544}.Release|Any CPU.ActiveCfg = Release|Any CPU
		{A2EE7A8D-3B92-473B-A446-151251C6B544}.Release|Any CPU.Build.0 = Release|Any CPU
		{A2EE7A8D-3B92-473B-A446-151251C6B544}.Release|x64.ActiveCfg = Release|Any CPU
		{A2EE7A8D-3B92-473B-A446-151251C6B544}.Release|x64.Build.0 = Release|Any CPU
		{A2EE7A8D-3B92-473B-A446-151251C6B544}.Release|x86.ActiveCfg = Release|Any CPU
		{A2EE7A8D-3B92-473B-A446-151251C6B544}.Release|x86.Build.0 = Release|Any CPU
	EndGlobalSection
	GlobalSection(SolutionProperties) = preSolution
		HideSolutionNode = FALSE
	EndGlobalSection
	GlobalSection(NestedProjects) = preSolution
		{696AB5D8-6456-4659-A545-AAFE165FF22B} = {827E0CD3-B72D-47B6-A68D-7590B98EB39B}
		{45939833-941C-4E0D-B400-8A87A1CF8E8E} = {827E0CD3-B72D-47B6-A68D-7590B98EB39B}
		{90690D41-705E-4CE6-B5A1-D98330EEB7FA} = {827E0CD3-B72D-47B6-A68D-7590B98EB39B}
		{D061345D-948C-45FB-ADC0-04A195F00423} = {827E0CD3-B72D-47B6-A68D-7590B98EB39B}
		{53E33547-D3A4-48D3-83C9-CAA8A616B84D} = {0AB3BF05-4346-4AA6-1389-037BE0695223}
		{A2EE7A8D-3B92-473B-A446-151251C6B544} = {0AB3BF05-4346-4AA6-1389-037BE0695223}
	EndGlobalSection
	GlobalSection(ExtensibilityGlobals) = postSolution
		SolutionGuid = {1F25CAB8-EE26-4620-8435-7EBFDC17B417}
	EndGlobalSection
EndGlobal
